
Microsoft Visual Studio Solution File, Format Version 12.00
# Visual Studio Version 16
VisualStudioVersion = 16.0.30804.86
MinimumVisualStudioVersion = 10.0.40219.1
Project("{9A19103F-16F7-4668-BE54-9A1E7A4F7556}") = "OrleanPG.Silo", "OrleanPG.Silo\OrleanPG.Silo.csproj", "{1A301AC0-278A-4BFA-A86B-77331319E234}"
EndProject
Project("{9A19103F-16F7-4668-BE54-9A1E7A4F7556}") = "OrleanPG.Grains", "OrleanPG.Grains\OrleanPG.Grains.csproj", "{1F5F6C0A-769C-4BBC-8AD8-DEC35D91BA40}"
EndProject
Project("{9A19103F-16F7-4668-BE54-9A1E7A4F7556}") = "OrleanPG.Grains.Interfaces", "OrleanPG.Grains.Interfaces\OrleanPG.Grains.Interfaces.csproj", "{BF7FB010-10D6-4B2F-B448-3A95F9805FAB}"
EndProject
Project("{9A19103F-16F7-4668-BE54-9A1E7A4F7556}") = "OrleanPG.Grains.UnitTests", "OrleanPG.Grains.UnitTests\OrleanPG.Grains.UnitTests.csproj", "{0B14DB80-46C3-4E13-988A-76DCC17990C7}"
EndProject
Project("{9A19103F-16F7-4668-BE54-9A1E7A4F7556}") = "SignalR_PG.WebAPI", "SignalR_PG.WebAPI\SignalR_PG.WebAPI.csproj", "{101A8CE1-AF2E-4F81-97B5-EE234837025C}"
EndProject
Project("{FAE04EC0-301F-11D3-BF4B-00C04F79EFBC}") = "OrleanPG.Grains.Interfaces.UnitTests", "OrleanPG.Grains.Interfaces.UnitTests\OrleanPG.Grains.Interfaces.UnitTests.csproj", "{8B7154A0-C30D-4BF3-B142-5E508CE6A4B8}"
EndProject
Global
	GlobalSection(SolutionConfigurationPlatforms) = preSolution
		Debug|Any CPU = Debug|Any CPU
		Release|Any CPU = Release|Any CPU
	EndGlobalSection
	GlobalSection(ProjectConfigurationPlatforms) = postSolution
		{1A301AC0-278A-4BFA-A86B-77331319E234}.Debug|Any CPU.ActiveCfg = Debug|Any CPU
		{1A301AC0-278A-4BFA-A86B-77331319E234}.Debug|Any CPU.Build.0 = Debug|Any CPU
		{1A301AC0-278A-4BFA-A86B-77331319E234}.Release|Any CPU.ActiveCfg = Release|Any CPU
		{1A301AC0-278A-4BFA-A86B-77331319E234}.Release|Any CPU.Build.0 = Release|Any CPU
		{1F5F6C0A-769C-4BBC-8AD8-DEC35D91BA40}.Debug|Any CPU.ActiveCfg = Debug|Any CPU
		{1F5F6C0A-769C-4BBC-8AD8-DEC35D91BA40}.Debug|Any CPU.Build.0 = Debug|Any CPU
		{1F5F6C0A-769C-4BBC-8AD8-DEC35D91BA40}.Release|Any CPU.ActiveCfg = Release|Any CPU
		{1F5F6C0A-769C-4BBC-8AD8-DEC35D91BA40}.Release|Any CPU.Build.0 = Release|Any CPU
		{BF7FB010-10D6-4B2F-B448-3A95F9805FAB}.Debug|Any CPU.ActiveCfg = Debug|Any CPU
		{BF7FB010-10D6-4B2F-B448-3A95F9805FAB}.Debug|Any CPU.Build.0 = Debug|Any CPU
		{BF7FB010-10D6-4B2F-B448-3A95F9805FAB}.Release|Any CPU.ActiveCfg = Release|Any CPU
		{BF7FB010-10D6-4B2F-B448-3A95F9805FAB}.Release|Any CPU.Build.0 = Release|Any CPU
		{0B14DB80-46C3-4E13-988A-76DCC17990C7}.Debug|Any CPU.ActiveCfg = Debug|Any CPU
		{0B14DB80-46C3-4E13-988A-76DCC17990C7}.Debug|Any CPU.Build.0 = Debug|Any CPU
		{0B14DB80-46C3-4E13-988A-76DCC17990C7}.Release|Any CPU.ActiveCfg = Release|Any CPU
		{0B14DB80-46C3-4E13-988A-76DCC17990C7}.Release|Any CPU.Build.0 = Release|Any CPU
		{101A8CE1-AF2E-4F81-97B5-EE234837025C}.Debug|Any CPU.ActiveCfg = Debug|Any CPU
		{101A8CE1-AF2E-4F81-97B5-EE234837025C}.Debug|Any CPU.Build.0 = Debug|Any CPU
		{101A8CE1-AF2E-4F81-97B5-EE234837025C}.Release|Any CPU.ActiveCfg = Release|Any CPU
		{101A8CE1-AF2E-4F81-97B5-EE234837025C}.Release|Any CPU.Build.0 = Release|Any CPU
		{8B7154A0-C30D-4BF3-B142-5E508CE6A4B8}.Debug|Any CPU.ActiveCfg = Debug|Any CPU
		{8B7154A0-C30D-4BF3-B142-5E508CE6A4B8}.Debug|Any CPU.Build.0 = Debug|Any CPU
		{8B7154A0-C30D-4BF3-B142-5E508CE6A4B8}.Release|Any CPU.ActiveCfg = Release|Any CPU
		{8B7154A0-C30D-4BF3-B142-5E508CE6A4B8}.Release|Any CPU.Build.0 = Release|Any CPU
	EndGlobalSection
	GlobalSection(SolutionProperties) = preSolution
		HideSolutionNode = FALSE
	EndGlobalSection
	GlobalSection(ExtensibilityGlobals) = postSolution
		SolutionGuid = {BD52BB4F-2588-440E-9829-05B3ED4B052D}
	EndGlobalSection
EndGlobal
